// !$*UTF8*$!
{
	archiveVersion = 1;
	classes = {
	};
	objectVersion = 56;
	objects = {

/* Begin PBXBuildFile section */
		C7BC940429CFA46000DDBF79 /* nvc_keyboardApp.swift in Sources */ = {isa = PBXBuildFile; fileRef = C7BC940329CFA46000DDBF79 /* nvc_keyboardApp.swift */; };
		C7BC940629CFA46000DDBF79 /* ContentView.swift in Sources */ = {isa = PBXBuildFile; fileRef = C7BC940529CFA46000DDBF79 /* ContentView.swift */; };
		C7BC940829CFA46100DDBF79 /* Assets.xcassets in Resources */ = {isa = PBXBuildFile; fileRef = C7BC940729CFA46100DDBF79 /* Assets.xcassets */; };
		C7BC940B29CFA46100DDBF79 /* Preview Assets.xcassets in Resources */ = {isa = PBXBuildFile; fileRef = C7BC940A29CFA46100DDBF79 /* Preview Assets.xcassets */; };
		C7BC941829CFA48800DDBF79 /* KeyboardViewController.swift in Sources */ = {isa = PBXBuildFile; fileRef = C7BC941729CFA48800DDBF79 /* KeyboardViewController.swift */; };
		C7BC941C29CFA48800DDBF79 /* Non-violent Keyboard.appex in Embed Foundation Extensions */ = {isa = PBXBuildFile; fileRef = C7BC941529CFA48800DDBF79 /* Non-violent Keyboard.appex */; settings = {ATTRIBUTES = (RemoveHeadersOnCopy, ); }; };
		C7BC942329CFA57500DDBF79 /* KeyboardKit in Frameworks */ = {isa = PBXBuildFile; productRef = C7BC942229CFA57500DDBF79 /* KeyboardKit */; };
		C7F447E529CFA75000B41A59 /* KeyboardKit in Frameworks */ = {isa = PBXBuildFile; productRef = C7F447E429CFA75000B41A59 /* KeyboardKit */; };
/* End PBXBuildFile section */

/* Begin PBXContainerItemProxy section */
		C7BC941A29CFA48800DDBF79 /* PBXContainerItemProxy */ = {
			isa = PBXContainerItemProxy;
			containerPortal = C7BC93F829CFA46000DDBF79 /* Project object */;
			proxyType = 1;
			remoteGlobalIDString = C7BC941429CFA48800DDBF79;
			remoteInfo = "Non-violent Keyboard";
		};
/* End PBXContainerItemProxy section */

/* Begin PBXCopyFilesBuildPhase section */
		C7BC942029CFA48800DDBF79 /* Embed Foundation Extensions */ = {
			isa = PBXCopyFilesBuildPhase;
			buildActionMask = 2147483647;
			dstPath = "";
			dstSubfolderSpec = 13;
			files = (
				C7BC941C29CFA48800DDBF79 /* Non-violent Keyboard.appex in Embed Foundation Extensions */,
			);
			name = "Embed Foundation Extensions";
			runOnlyForDeploymentPostprocessing = 0;
		};
/* End PBXCopyFilesBuildPhase section */

/* Begin PBXFileReference section */
		C7BC940029CFA46000DDBF79 /* nvc-keyboard.app */ = {isa = PBXFileReference; explicitFileType = wrapper.application; includeInIndex = 0; path = "nvc-keyboard.app"; sourceTree = BUILT_PRODUCTS_DIR; };
		C7BC940329CFA46000DDBF79 /* nvc_keyboardApp.swift */ = {isa = PBXFileReference; lastKnownFileType = sourcecode.swift; path = nvc_keyboardApp.swift; sourceTree = "<group>"; };
		C7BC940529CFA46000DDBF79 /* ContentView.swift */ = {isa = PBXFileReference; lastKnownFileType = sourcecode.swift; path = ContentView.swift; sourceTree = "<group>"; };
		C7BC940729CFA46100DDBF79 /* Assets.xcassets */ = {isa = PBXFileReference; lastKnownFileType = folder.assetcatalog; path = Assets.xcassets; sourceTree = "<group>"; };
		C7BC940A29CFA46100DDBF79 /* Preview Assets.xcassets */ = {isa = PBXFileReference; lastKnownFileType = folder.assetcatalog; path = "Preview Assets.xcassets"; sourceTree = "<group>"; };
		C7BC941529CFA48800DDBF79 /* Non-violent Keyboard.appex */ = {isa = PBXFileReference; explicitFileType = "wrapper.app-extension"; includeInIndex = 0; path = "Non-violent Keyboard.appex"; sourceTree = BUILT_PRODUCTS_DIR; };
		C7BC941729CFA48800DDBF79 /* KeyboardViewController.swift */ = {isa = PBXFileReference; lastKnownFileType = sourcecode.swift; path = KeyboardViewController.swift; sourceTree = "<group>"; };
		C7BC941929CFA48800DDBF79 /* Info.plist */ = {isa = PBXFileReference; lastKnownFileType = text.plist.xml; path = Info.plist; sourceTree = "<group>"; };
/* End PBXFileReference section */

/* Begin PBXFrameworksBuildPhase section */
		C7BC93FD29CFA46000DDBF79 /* Frameworks */ = {
			isa = PBXFrameworksBuildPhase;
			buildActionMask = 2147483647;
			files = (
				C7BC942329CFA57500DDBF79 /* KeyboardKit in Frameworks */,
			);
			runOnlyForDeploymentPostprocessing = 0;
		};
		C7BC941229CFA48800DDBF79 /* Frameworks */ = {
			isa = PBXFrameworksBuildPhase;
			buildActionMask = 2147483647;
			files = (
				C7F447E529CFA75000B41A59 /* KeyboardKit in Frameworks */,
			);
			runOnlyForDeploymentPostprocessing = 0;
		};
/* End PBXFrameworksBuildPhase section */

/* Begin PBXGroup section */
		C7BC93F729CFA46000DDBF79 = {
			isa = PBXGroup;
			children = (
				C7BC940229CFA46000DDBF79 /* nvc-keyboard */,
				C7BC941629CFA48800DDBF79 /* Non-violent Keyboard */,
				C7BC940129CFA46000DDBF79 /* Products */,
				C7F447E329CFA75000B41A59 /* Frameworks */,
			);
			sourceTree = "<group>";
		};
		C7BC940129CFA46000DDBF79 /* Products */ = {
			isa = PBXGroup;
			children = (
				C7BC940029CFA46000DDBF79 /* nvc-keyboard.app */,
				C7BC941529CFA48800DDBF79 /* Non-violent Keyboard.appex */,
			);
			name = Products;
			sourceTree = "<group>";
		};
		C7BC940229CFA46000DDBF79 /* nvc-keyboard */ = {
			isa = PBXGroup;
			children = (
				C7BC940329CFA46000DDBF79 /* nvc_keyboardApp.swift */,
				C7BC940529CFA46000DDBF79 /* ContentView.swift */,
				C7BC940729CFA46100DDBF79 /* Assets.xcassets */,
				C7BC940929CFA46100DDBF79 /* Preview Content */,
			);
			path = "nvc-keyboard";
			sourceTree = "<group>";
		};
		C7BC940929CFA46100DDBF79 /* Preview Content */ = {
			isa = PBXGroup;
			children = (
				C7BC940A29CFA46100DDBF79 /* Preview Assets.xcassets */,
			);
			path = "Preview Content";
			sourceTree = "<group>";
		};
		C7BC941629CFA48800DDBF79 /* Non-violent Keyboard */ = {
			isa = PBXGroup;
			children = (
				C7BC941729CFA48800DDBF79 /* KeyboardViewController.swift */,
				C7BC941929CFA48800DDBF79 /* Info.plist */,
			);
			path = "Non-violent Keyboard";
			sourceTree = "<group>";
		};
		C7F447E329CFA75000B41A59 /* Frameworks */ = {
			isa = PBXGroup;
			children = (
			);
			name = Frameworks;
			sourceTree = "<group>";
		};
/* End PBXGroup section */

/* Begin PBXNativeTarget section */
		C7BC93FF29CFA46000DDBF79 /* nvc-keyboard */ = {
			isa = PBXNativeTarget;
			buildConfigurationList = C7BC940E29CFA46100DDBF79 /* Build configuration list for PBXNativeTarget "nvc-keyboard" */;
			buildPhases = (
				C7BC93FC29CFA46000DDBF79 /* Sources */,
				C7BC93FD29CFA46000DDBF79 /* Frameworks */,
				C7BC93FE29CFA46000DDBF79 /* Resources */,
				C7BC942029CFA48800DDBF79 /* Embed Foundation Extensions */,
			);
			buildRules = (
			);
			dependencies = (
				C7BC941B29CFA48800DDBF79 /* PBXTargetDependency */,
			);
			name = "nvc-keyboard";
			packageProductDependencies = (
				C7BC942229CFA57500DDBF79 /* KeyboardKit */,
			);
			productName = "nvc-keyboard";
			productReference = C7BC940029CFA46000DDBF79 /* nvc-keyboard.app */;
			productType = "com.apple.product-type.application";
		};
		C7BC941429CFA48800DDBF79 /* Non-violent Keyboard */ = {
			isa = PBXNativeTarget;
			buildConfigurationList = C7BC941D29CFA48800DDBF79 /* Build configuration list for PBXNativeTarget "Non-violent Keyboard" */;
			buildPhases = (
				C7BC941129CFA48800DDBF79 /* Sources */,
				C7BC941229CFA48800DDBF79 /* Frameworks */,
				C7BC941329CFA48800DDBF79 /* Resources */,
			);
			buildRules = (
			);
			dependencies = (
			);
			name = "Non-violent Keyboard";
			packageProductDependencies = (
				C7F447E429CFA75000B41A59 /* KeyboardKit */,
			);
			productName = "Non-violent Keyboard";
			productReference = C7BC941529CFA48800DDBF79 /* Non-violent Keyboard.appex */;
			productType = "com.apple.product-type.app-extension";
		};
/* End PBXNativeTarget section */

/* Begin PBXProject section */
		C7BC93F829CFA46000DDBF79 /* Project object */ = {
			isa = PBXProject;
			attributes = {
				BuildIndependentTargetsInParallel = 1;
				LastSwiftUpdateCheck = 1410;
				LastUpgradeCheck = 1410;
				TargetAttributes = {
					C7BC93FF29CFA46000DDBF79 = {
						CreatedOnToolsVersion = 14.1;
					};
					C7BC941429CFA48800DDBF79 = {
						CreatedOnToolsVersion = 14.1;
					};
				};
			};
			buildConfigurationList = C7BC93FB29CFA46000DDBF79 /* Build configuration list for PBXProject "nvc-keyboard" */;
			compatibilityVersion = "Xcode 14.0";
			developmentRegion = en;
			hasScannedForEncodings = 0;
			knownRegions = (
				en,
				Base,
			);
			mainGroup = C7BC93F729CFA46000DDBF79;
			packageReferences = (
				C7BC942129CFA57500DDBF79 /* XCRemoteSwiftPackageReference "KeyboardKit" */,
			);
			productRefGroup = C7BC940129CFA46000DDBF79 /* Products */;
			projectDirPath = "";
			projectRoot = "";
			targets = (
				C7BC93FF29CFA46000DDBF79 /* nvc-keyboard */,
				C7BC941429CFA48800DDBF79 /* Non-violent Keyboard */,
			);
		};
/* End PBXProject section */

/* Begin PBXResourcesBuildPhase section */
		C7BC93FE29CFA46000DDBF79 /* Resources */ = {
			isa = PBXResourcesBuildPhase;
			buildActionMask = 2147483647;
			files = (
				C7BC940B29CFA46100DDBF79 /* Preview Assets.xcassets in Resources */,
				C7BC940829CFA46100DDBF79 /* Assets.xcassets in Resources */,
			);
			runOnlyForDeploymentPostprocessing = 0;
		};
		C7BC941329CFA48800DDBF79 /* Resources */ = {
			isa = PBXResourcesBuildPhase;
			buildActionMask = 2147483647;
			files = (
			);
			runOnlyForDeploymentPostprocessing = 0;
		};
/* End PBXResourcesBuildPhase section */

/* Begin PBXSourcesBuildPhase section */
		C7BC93FC29CFA46000DDBF79 /* Sources */ = {
			isa = PBXSourcesBuildPhase;
			buildActionMask = 2147483647;
			files = (
				C7BC940629CFA46000DDBF79 /* ContentView.swift in Sources */,
				C7BC940429CFA46000DDBF79 /* nvc_keyboardApp.swift in Sources */,
			);
			runOnlyForDeploymentPostprocessing = 0;
		};
		C7BC941129CFA48800DDBF79 /* Sources */ = {
			isa = PBXSourcesBuildPhase;
			buildActionMask = 2147483647;
			files = (
				C7BC941829CFA48800DDBF79 /* KeyboardViewController.swift in Sources */,
			);
			runOnlyForDeploymentPostprocessing = 0;
		};
/* End PBXSourcesBuildPhase section */

/* Begin PBXTargetDependency section */
		C7BC941B29CFA48800DDBF79 /* PBXTargetDependency */ = {
			isa = PBXTargetDependency;
			target = C7BC941429CFA48800DDBF79 /* Non-violent Keyboard */;
			targetProxy = C7BC941A29CFA48800DDBF79 /* PBXContainerItemProxy */;
		};
/* End PBXTargetDependency section */

/* Begin XCBuildConfiguration section */
		C7BC940C29CFA46100DDBF79 /* Debug */ = {
			isa = XCBuildConfiguration;
			buildSettings = {
				ALWAYS_SEARCH_USER_PATHS = NO;
				CLANG_ANALYZER_NONNULL = YES;
				CLANG_ANALYZER_NUMBER_OBJECT_CONVERSION = YES_AGGRESSIVE;
				CLANG_CXX_LANGUAGE_STANDARD = "gnu++20";
				CLANG_ENABLE_MODULES = YES;
				CLANG_ENABLE_OBJC_ARC = YES;
				CLANG_ENABLE_OBJC_WEAK = YES;
				CLANG_WARN_BLOCK_CAPTURE_AUTORELEASING = YES;
				CLANG_WARN_BOOL_CONVERSION = YES;
				CLANG_WARN_COMMA = YES;
				CLANG_WARN_CONSTANT_CONVERSION = YES;
				CLANG_WARN_DEPRECATED_OBJC_IMPLEMENTATIONS = YES;
				CLANG_WARN_DIRECT_OBJC_ISA_USAGE = YES_ERROR;
				CLANG_WARN_DOCUMENTATION_COMMENTS = YES;
				CLANG_WARN_EMPTY_BODY = YES;
				CLANG_WARN_ENUM_CONVERSION = YES;
				CLANG_WARN_INFINITE_RECURSION = YES;
				CLANG_WARN_INT_CONVERSION = YES;
				CLANG_WARN_NON_LITERAL_NULL_CONVERSION = YES;
				CLANG_WARN_OBJC_IMPLICIT_RETAIN_SELF = YES;
				CLANG_WARN_OBJC_LITERAL_CONVERSION = YES;
				CLANG_WARN_OBJC_ROOT_CLASS = YES_ERROR;
				CLANG_WARN_QUOTED_INCLUDE_IN_FRAMEWORK_HEADER = YES;
				CLANG_WARN_RANGE_LOOP_ANALYSIS = YES;
				CLANG_WARN_STRICT_PROTOTYPES = YES;
				CLANG_WARN_SUSPICIOUS_MOVE = YES;
				CLANG_WARN_UNGUARDED_AVAILABILITY = YES_AGGRESSIVE;
				CLANG_WARN_UNREACHABLE_CODE = YES;
				CLANG_WARN__DUPLICATE_METHOD_MATCH = YES;
				COPY_PHASE_STRIP = NO;
				DEBUG_INFORMATION_FORMAT = dwarf;
				ENABLE_STRICT_OBJC_MSGSEND = YES;
				ENABLE_TESTABILITY = YES;
				GCC_C_LANGUAGE_STANDARD = gnu11;
				GCC_DYNAMIC_NO_PIC = NO;
				GCC_NO_COMMON_BLOCKS = YES;
				GCC_OPTIMIZATION_LEVEL = 0;
				GCC_PREPROCESSOR_DEFINITIONS = (
					"DEBUG=1",
					"$(inherited)",
				);
				GCC_WARN_64_TO_32_BIT_CONVERSION = YES;
				GCC_WARN_ABOUT_RETURN_TYPE = YES_ERROR;
				GCC_WARN_UNDECLARED_SELECTOR = YES;
				GCC_WARN_UNINITIALIZED_AUTOS = YES_AGGRESSIVE;
				GCC_WARN_UNUSED_FUNCTION = YES;
				GCC_WARN_UNUSED_VARIABLE = YES;
				IPHONEOS_DEPLOYMENT_TARGET = 16.1;
				MTL_ENABLE_DEBUG_INFO = INCLUDE_SOURCE;
				MTL_FAST_MATH = YES;
				ONLY_ACTIVE_ARCH = YES;
				SDKROOT = iphoneos;
				SWIFT_ACTIVE_COMPILATION_CONDITIONS = DEBUG;
				SWIFT_OPTIMIZATION_LEVEL = "-Onone";
			};
			name = Debug;
		};
		C7BC940D29CFA46100DDBF79 /* Release */ = {
			isa = XCBuildConfiguration;
			buildSettings = {
				ALWAYS_SEARCH_USER_PATHS = NO;
				CLANG_ANALYZER_NONNULL = YES;
				CLANG_ANALYZER_NUMBER_OBJECT_CONVERSION = YES_AGGRESSIVE;
				CLANG_CXX_LANGUAGE_STANDARD = "gnu++20";
				CLANG_ENABLE_MODULES = YES;
				CLANG_ENABLE_OBJC_ARC = YES;
				CLANG_ENABLE_OBJC_WEAK = YES;
				CLANG_WARN_BLOCK_CAPTURE_AUTORELEASING = YES;
				CLANG_WARN_BOOL_CONVERSION = YES;
				CLANG_WARN_COMMA = YES;
				CLANG_WARN_CONSTANT_CONVERSION = YES;
				CLANG_WARN_DEPRECATED_OBJC_IMPLEMENTATIONS = YES;
				CLANG_WARN_DIRECT_OBJC_ISA_USAGE = YES_ERROR;
				CLANG_WARN_DOCUMENTATION_COMMENTS = YES;
				CLANG_WARN_EMPTY_BODY = YES;
				CLANG_WARN_ENUM_CONVERSION = YES;
				CLANG_WARN_INFINITE_RECURSION = YES;
				CLANG_WARN_INT_CONVERSION = YES;
				CLANG_WARN_NON_LITERAL_NULL_CONVERSION = YES;
				CLANG_WARN_OBJC_IMPLICIT_RETAIN_SELF = YES;
				CLANG_WARN_OBJC_LITERAL_CONVERSION = YES;
				CLANG_WARN_OBJC_ROOT_CLASS = YES_ERROR;
				CLANG_WARN_QUOTED_INCLUDE_IN_FRAMEWORK_HEADER = YES;
				CLANG_WARN_RANGE_LOOP_ANALYSIS = YES;
				CLANG_WARN_STRICT_PROTOTYPES = YES;
				CLANG_WARN_SUSPICIOUS_MOVE = YES;
				CLANG_WARN_UNGUARDED_AVAILABILITY = YES_AGGRESSIVE;
				CLANG_WARN_UNREACHABLE_CODE = YES;
				CLANG_WARN__DUPLICATE_METHOD_MATCH = YES;
				COPY_PHASE_STRIP = NO;
				DEBUG_INFORMATION_FORMAT = "dwarf-with-dsym";
				ENABLE_NS_ASSERTIONS = NO;
				ENABLE_STRICT_OBJC_MSGSEND = YES;
				GCC_C_LANGUAGE_STANDARD = gnu11;
				GCC_NO_COMMON_BLOCKS = YES;
				GCC_WARN_64_TO_32_BIT_CONVERSION = YES;
				GCC_WARN_ABOUT_RETURN_TYPE = YES_ERROR;
				GCC_WARN_UNDECLARED_SELECTOR = YES;
				GCC_WARN_UNINITIALIZED_AUTOS = YES_AGGRESSIVE;
				GCC_WARN_UNUSED_FUNCTION = YES;
				GCC_WARN_UNUSED_VARIABLE = YES;
				IPHONEOS_DEPLOYMENT_TARGET = 16.1;
				MTL_ENABLE_DEBUG_INFO = NO;
				MTL_FAST_MATH = YES;
				SDKROOT = iphoneos;
				SWIFT_COMPILATION_MODE = wholemodule;
				SWIFT_OPTIMIZATION_LEVEL = "-O";
				VALIDATE_PRODUCT = YES;
			};
			name = Release;
		};
		C7BC940F29CFA46100DDBF79 /* Debug */ = {
			isa = XCBuildConfiguration;
			buildSettings = {
				ALWAYS_EMBED_SWIFT_STANDARD_LIBRARIES = YES;
				ASSETCATALOG_COMPILER_APPICON_NAME = AppIcon;
				ASSETCATALOG_COMPILER_GLOBAL_ACCENT_COLOR_NAME = AccentColor;
				CODE_SIGN_STYLE = Automatic;
				CURRENT_PROJECT_VERSION = 1;
				DEVELOPMENT_ASSET_PATHS = "\"nvc-keyboard/Preview Content\"";
				DEVELOPMENT_TEAM = RSR8K28Z58;
				ENABLE_PREVIEWS = YES;
				GENERATE_INFOPLIST_FILE = YES;
				INFOPLIST_KEY_UIApplicationSceneManifest_Generation = YES;
				INFOPLIST_KEY_UIApplicationSupportsIndirectInputEvents = YES;
				INFOPLIST_KEY_UILaunchScreen_Generation = YES;
				INFOPLIST_KEY_UISupportedInterfaceOrientations_iPad = "UIInterfaceOrientationPortrait UIInterfaceOrientationPortraitUpsideDown UIInterfaceOrientationLandscapeLeft UIInterfaceOrientationLandscapeRight";
				INFOPLIST_KEY_UISupportedInterfaceOrientations_iPhone = "UIInterfaceOrientationPortrait UIInterfaceOrientationLandscapeLeft UIInterfaceOrientationLandscapeRight";
				LD_RUNPATH_SEARCH_PATHS = (
					"$(inherited)",
					"@executable_path/Frameworks",
				);
				MARKETING_VERSION = 1.0;
				PRODUCT_BUNDLE_IDENTIFIER = "com.oliviali.nvc-keyboard";
				PRODUCT_NAME = "$(TARGET_NAME)";
				SWIFT_EMIT_LOC_STRINGS = YES;
				SWIFT_VERSION = 5.0;
				TARGETED_DEVICE_FAMILY = "1,2";
			};
			name = Debug;
		};
		C7BC941029CFA46100DDBF79 /* Release */ = {
			isa = XCBuildConfiguration;
			buildSettings = {
				ALWAYS_EMBED_SWIFT_STANDARD_LIBRARIES = YES;
				ASSETCATALOG_COMPILER_APPICON_NAME = AppIcon;
				ASSETCATALOG_COMPILER_GLOBAL_ACCENT_COLOR_NAME = AccentColor;
				CODE_SIGN_STYLE = Automatic;
				CURRENT_PROJECT_VERSION = 1;
				DEVELOPMENT_ASSET_PATHS = "\"nvc-keyboard/Preview Content\"";
				DEVELOPMENT_TEAM = RSR8K28Z58;
				ENABLE_PREVIEWS = YES;
				GENERATE_INFOPLIST_FILE = YES;
				INFOPLIST_KEY_UIApplicationSceneManifest_Generation = YES;
				INFOPLIST_KEY_UIApplicationSupportsIndirectInputEvents = YES;
				INFOPLIST_KEY_UILaunchScreen_Generation = YES;
				INFOPLIST_KEY_UISupportedInterfaceOrientations_iPad = "UIInterfaceOrientationPortrait UIInterfaceOrientationPortraitUpsideDown UIInterfaceOrientationLandscapeLeft UIInterfaceOrientationLandscapeRight";
				INFOPLIST_KEY_UISupportedInterfaceOrientations_iPhone = "UIInterfaceOrientationPortrait UIInterfaceOrientationLandscapeLeft UIInterfaceOrientationLandscapeRight";
				LD_RUNPATH_SEARCH_PATHS = (
					"$(inherited)",
					"@executable_path/Frameworks",
				);
				MARKETING_VERSION = 1.0;
				PRODUCT_BUNDLE_IDENTIFIER = "com.oliviali.nvc-keyboard";
				PRODUCT_NAME = "$(TARGET_NAME)";
				SWIFT_EMIT_LOC_STRINGS = YES;
				SWIFT_VERSION = 5.0;
				TARGETED_DEVICE_FAMILY = "1,2";
			};
			name = Release;
		};
		C7BC941E29CFA48800DDBF79 /* Debug */ = {
			isa = XCBuildConfiguration;
			buildSettings = {
				CODE_SIGN_STYLE = Automatic;
				CURRENT_PROJECT_VERSION = 1;
				DEVELOPMENT_TEAM = RSR8K28Z58;
				GENERATE_INFOPLIST_FILE = YES;
				INFOPLIST_FILE = "Non-violent Keyboard/Info.plist";
				INFOPLIST_KEY_CFBundleDisplayName = "Non-violent Keyboard";
				INFOPLIST_KEY_NSHumanReadableCopyright = "";
				LD_RUNPATH_SEARCH_PATHS = (
					"$(inherited)",
					"@executable_path/Frameworks",
					"@executable_path/../../Frameworks",
				);
				MARKETING_VERSION = 1.0;
				PRODUCT_BUNDLE_IDENTIFIER = "com.oliviali.nvc-keyboard.keyboard";
				PRODUCT_NAME = "$(TARGET_NAME)";
				SKIP_INSTALL = YES;
				SWIFT_EMIT_LOC_STRINGS = YES;
				SWIFT_VERSION = 5.0;
				TARGETED_DEVICE_FAMILY = "1,2";
			};
			name = Debug;
		};
		C7BC941F29CFA48800DDBF79 /* Release */ = {
			isa = XCBuildConfiguration;
			buildSettings = {
				CODE_SIGN_STYLE = Automatic;
				CURRENT_PROJECT_VERSION = 1;
				DEVELOPMENT_TEAM = RSR8K28Z58;
				GENERATE_INFOPLIST_FILE = YES;
				INFOPLIST_FILE = "Non-violent Keyboard/Info.plist";
				INFOPLIST_KEY_CFBundleDisplayName = "Non-violent Keyboard";
				INFOPLIST_KEY_NSHumanReadableCopyright = "";
				LD_RUNPATH_SEARCH_PATHS = (
					"$(inherited)",
					"@executable_path/Frameworks",
					"@executable_path/../../Frameworks",
				);
				MARKETING_VERSION = 1.0;
				PRODUCT_BUNDLE_IDENTIFIER = "com.oliviali.nvc-keyboard.keyboard";
				PRODUCT_NAME = "$(TARGET_NAME)";
				SKIP_INSTALL = YES;
				SWIFT_EMIT_LOC_STRINGS = YES;
				SWIFT_VERSION = 5.0;
				TARGETED_DEVICE_FAMILY = "1,2";
			};
			name = Release;
		};
/* End XCBuildConfiguration section */

/* Begin XCConfigurationList section */
		C7BC93FB29CFA46000DDBF79 /* Build configuration list for PBXProject "nvc-keyboard" */ = {
			isa = XCConfigurationList;
			buildConfigurations = (
				C7BC940C29CFA46100DDBF79 /* Debug */,
				C7BC940D29CFA46100DDBF79 /* Release */,
			);
			defaultConfigurationIsVisible = 0;
			defaultConfigurationName = Release;
		};
		C7BC940E29CFA46100DDBF79 /* Build configuration list for PBXNativeTarget "nvc-keyboard" */ = {
			isa = XCConfigurationList;
			buildConfigurations = (
				C7BC940F29CFA46100DDBF79 /* Debug */,
				C7BC941029CFA46100DDBF79 /* Release */,
			);
			defaultConfigurationIsVisible = 0;
			defaultConfigurationName = Release;
		};
		C7BC941D29CFA48800DDBF79 /* Build configuration list for PBXNativeTarget "Non-violent Keyboard" */ = {
			isa = XCConfigurationList;
			buildConfigurations = (
				C7BC941E29CFA48800DDBF79 /* Debug */,
				C7BC941F29CFA48800DDBF79 /* Release */,
			);
			defaultConfigurationIsVisible = 0;
			defaultConfigurationName = Release;
		};
/* End XCConfigurationList section */

/* Begin XCRemoteSwiftPackageReference section */
		C7BC942129CFA57500DDBF79 /* XCRemoteSwiftPackageReference "KeyboardKit" */ = {
			isa = XCRemoteSwiftPackageReference;
			repositoryURL = "https://github.com/KeyboardKit/KeyboardKit.git";
			requirement = {
				kind = upToNextMajorVersion;
				minimumVersion = 7.0.0;
			};
		};
/* End XCRemoteSwiftPackageReference section */

/* Begin XCSwiftPackageProductDependency section */
		C7BC942229CFA57500DDBF79 /* KeyboardKit */ = {
			isa = XCSwiftPackageProductDependency;
			package = C7BC942129CFA57500DDBF79 /* XCRemoteSwiftPackageReference "KeyboardKit" */;
			productName = KeyboardKit;
		};
		C7F447E429CFA75000B41A59 /* KeyboardKit */ = {
			isa = XCSwiftPackageProductDependency;
			package = C7BC942129CFA57500DDBF79 /* XCRemoteSwiftPackageReference "KeyboardKit" */;
			productName = KeyboardKit;
		};
/* End XCSwiftPackageProductDependency section */
	};
	rootObject = C7BC93F829CFA46000DDBF79 /* Project object */;
}
